
Microsoft Visual Studio Solution File, Format Version 12.00
# Visual Studio 14
VisualStudioVersion = 14.0.25420.1
MinimumVisualStudioVersion = 10.0.40219.1
Project("{FAE04EC0-301F-11D3-BF4B-00C04F79EFBC}") = "ZooApp.Models", "ZooApp.Models\ZooApp.Models.csproj", "{7C163620-43B6-4988-A73E-ECDE52884B0B}"
EndProject
Project("{FAE04EC0-301F-11D3-BF4B-00C04F79EFBC}") = "ZooApp.MvcClient", "ZooApp.MvcClient\ZooApp.MvcClient.csproj", "{0FCAAF1D-F8B3-4CB9-984C-0252D9B8C801}"
EndProject
Global
	GlobalSection(SolutionConfigurationPlatforms) = preSolution
		Debug|Any CPU = Debug|Any CPU
		Release|Any CPU = Release|Any CPU
	EndGlobalSection
	GlobalSection(ProjectConfigurationPlatforms) = postSolution
		{7C163620-43B6-4988-A73E-ECDE52884B0B}.Debug|Any CPU.ActiveCfg = Debug|Any CPU
		{7C163620-43B6-4988-A73E-ECDE52884B0B}.Debug|Any CPU.Build.0 = Debug|Any CPU
		{7C163620-43B6-4988-A73E-ECDE52884B0B}.Release|Any CPU.ActiveCfg = Release|Any CPU
		{7C163620-43B6-4988-A73E-ECDE52884B0B}.Release|Any CPU.Build.0 = Release|Any CPU
		{0FCAAF1D-F8B3-4CB9-984C-0252D9B8C801}.Debug|Any CPU.ActiveCfg = Debug|Any CPU
		{0FCAAF1D-F8B3-4CB9-984C-0252D9B8C801}.Debug|Any CPU.Build.0 = Debug|Any CPU
		{0FCAAF1D-F8B3-4CB9-984C-0252D9B8C801}.Release|Any CPU.ActiveCfg = Release|Any CPU
		{0FCAAF1D-F8B3-4CB9-984C-0252D9B8C801}.Release|Any CPU.Build.0 = Release|Any CPU
	EndGlobalSection
	GlobalSection(SolutionProperties) = preSolution
		HideSolutionNode = FALSE
	EndGlobalSection
EndGlobal
